
Microsoft Visual Studio Solution File, Format Version 12.00
Project("{2150E333-8FDC-42A3-9474-1A3956D46DE8}") = "src", "src", "{5AD8BC28-0415-4843-A6A6-8B8ABDCD76DC}"
EndProject
Project("{2150E333-8FDC-42A3-9474-1A3956D46DE8}") = "test", "test", "{24B776DA-243E-4E88-86D1-BFE46FBDFFDA}"
EndProject
Project("{FAE04EC0-301F-11D3-BF4B-00C04F79EFBC}") = "Kanvas.Presentation", "Kanvas.Presentation\Kanvas.Presentation.csproj", "{AC6E3001-BAAA-432F-A7A3-E71FB44E9B81}"
EndProject
Project("{FAE04EC0-301F-11D3-BF4B-00C04F79EFBC}") = "Kanvas.Persistence", "Kanvas.Persistence\Kanvas.Persistence.csproj", "{653F6551-DD0D-4DC0-B7FF-774F6CFB17F0}"
EndProject
Project("{FAE04EC0-301F-11D3-BF4B-00C04F79EFBC}") = "Kanvas.Infrastructure", "Kanvas.Infrastructure\Kanvas.Infrastructure.csproj", "{1F07D528-1C3D-47CA-8AD0-BB1DD10D3FAA}"
EndProject
Project("{FAE04EC0-301F-11D3-BF4B-00C04F79EFBC}") = "Kanvas.Domain", "Kanvas.Domain\Kanvas.Domain.csproj", "{47700990-94F1-467F-99AD-4714CF9E5CBC}"
EndProject
Project("{FAE04EC0-301F-11D3-BF4B-00C04F79EFBC}") = "Kanvas.Application", "Kanvas.Application\Kanvas.Application.csproj", "{885B22C1-4E06-4172-834F-79664F3B6BEF}"
EndProject
Project("{FAE04EC0-301F-11D3-BF4B-00C04F79EFBC}") = "Kanvas.CQRS", "Kanvas.CQRS\Kanvas.CQRS.csproj", "{4DE9C662-D9A2-48BF-9F7C-FFF3ED0297AB}"
EndProject
Global
	GlobalSection(SolutionConfigurationPlatforms) = preSolution
		Debug|Any CPU = Debug|Any CPU
		Release|Any CPU = Release|Any CPU
	EndGlobalSection
	GlobalSection(ProjectConfigurationPlatforms) = postSolution
		{AC6E3001-BAAA-432F-A7A3-E71FB44E9B81}.Debug|Any CPU.ActiveCfg = Debug|Any CPU
		{AC6E3001-BAAA-432F-A7A3-E71FB44E9B81}.Debug|Any CPU.Build.0 = Debug|Any CPU
		{AC6E3001-BAAA-432F-A7A3-E71FB44E9B81}.Release|Any CPU.ActiveCfg = Release|Any CPU
		{AC6E3001-BAAA-432F-A7A3-E71FB44E9B81}.Release|Any CPU.Build.0 = Release|Any CPU
		{653F6551-DD0D-4DC0-B7FF-774F6CFB17F0}.Debug|Any CPU.ActiveCfg = Debug|Any CPU
		{653F6551-DD0D-4DC0-B7FF-774F6CFB17F0}.Debug|Any CPU.Build.0 = Debug|Any CPU
		{653F6551-DD0D-4DC0-B7FF-774F6CFB17F0}.Release|Any CPU.ActiveCfg = Release|Any CPU
		{653F6551-DD0D-4DC0-B7FF-774F6CFB17F0}.Release|Any CPU.Build.0 = Release|Any CPU
		{1F07D528-1C3D-47CA-8AD0-BB1DD10D3FAA}.Debug|Any CPU.ActiveCfg = Debug|Any CPU
		{1F07D528-1C3D-47CA-8AD0-BB1DD10D3FAA}.Debug|Any CPU.Build.0 = Debug|Any CPU
		{1F07D528-1C3D-47CA-8AD0-BB1DD10D3FAA}.Release|Any CPU.ActiveCfg = Release|Any CPU
		{1F07D528-1C3D-47CA-8AD0-BB1DD10D3FAA}.Release|Any CPU.Build.0 = Release|Any CPU
		{47700990-94F1-467F-99AD-4714CF9E5CBC}.Debug|Any CPU.ActiveCfg = Debug|Any CPU
		{47700990-94F1-467F-99AD-4714CF9E5CBC}.Debug|Any CPU.Build.0 = Debug|Any CPU
		{47700990-94F1-467F-99AD-4714CF9E5CBC}.Release|Any CPU.ActiveCfg = Release|Any CPU
		{47700990-94F1-467F-99AD-4714CF9E5CBC}.Release|Any CPU.Build.0 = Release|Any CPU
		{885B22C1-4E06-4172-834F-79664F3B6BEF}.Debug|Any CPU.ActiveCfg = Debug|Any CPU
		{885B22C1-4E06-4172-834F-79664F3B6BEF}.Debug|Any CPU.Build.0 = Debug|Any CPU
		{885B22C1-4E06-4172-834F-79664F3B6BEF}.Release|Any CPU.ActiveCfg = Release|Any CPU
		{885B22C1-4E06-4172-834F-79664F3B6BEF}.Release|Any CPU.Build.0 = Release|Any CPU
		{4DE9C662-D9A2-48BF-9F7C-FFF3ED0297AB}.Debug|Any CPU.ActiveCfg = Debug|Any CPU
		{4DE9C662-D9A2-48BF-9F7C-FFF3ED0297AB}.Debug|Any CPU.Build.0 = Debug|Any CPU
		{4DE9C662-D9A2-48BF-9F7C-FFF3ED0297AB}.Release|Any CPU.ActiveCfg = Release|Any CPU
		{4DE9C662-D9A2-48BF-9F7C-FFF3ED0297AB}.Release|Any CPU.Build.0 = Release|Any CPU
	EndGlobalSection
	GlobalSection(NestedProjects) = preSolution
		{AC6E3001-BAAA-432F-A7A3-E71FB44E9B81} = {5AD8BC28-0415-4843-A6A6-8B8ABDCD76DC}
		{653F6551-DD0D-4DC0-B7FF-774F6CFB17F0} = {5AD8BC28-0415-4843-A6A6-8B8ABDCD76DC}
		{1F07D528-1C3D-47CA-8AD0-BB1DD10D3FAA} = {5AD8BC28-0415-4843-A6A6-8B8ABDCD76DC}
		{47700990-94F1-467F-99AD-4714CF9E5CBC} = {5AD8BC28-0415-4843-A6A6-8B8ABDCD76DC}
		{885B22C1-4E06-4172-834F-79664F3B6BEF} = {5AD8BC28-0415-4843-A6A6-8B8ABDCD76DC}
		{4DE9C662-D9A2-48BF-9F7C-FFF3ED0297AB} = {5AD8BC28-0415-4843-A6A6-8B8ABDCD76DC}
	EndGlobalSection
EndGlobal
